{
  "version": 4,
  "terraform_version": "1.7.5",
  "serial": 2,
  "lineage": "899f0e89-f42b-77ba-ed38-ae9f5596c93e",
  "outputs": {
    "cluster_endpoint": {
      "value": "34.30.113.13",
      "type": "string"
    }
  },
  "resources": [
    {
      "mode": "managed",
      "type": "google_container_cluster",
      "name": "cluster",
      "provider": "provider[\"registry.terraform.io/hashicorp/google\"]",
      "instances": [
        {
          "schema_version": 2,
          "attributes": {
            "addons_config": [
              {
                "cloudrun_config": [],
                "config_connector_config": [],
                "dns_cache_config": [],
                "gce_persistent_disk_csi_driver_config": [
                  {
                    "enabled": true
                  }
                ],
                "gcp_filestore_csi_driver_config": [],
                "gcs_fuse_csi_driver_config": [],
                "gke_backup_agent_config": [],
                "horizontal_pod_autoscaling": [],
                "http_load_balancing": [],
                "network_policy_config": [
                  {
                    "disabled": true
                  }
                ]
              }
            ],
            "allow_net_admin": null,
            "authenticator_groups_config": [],
            "binary_authorization": [
              {
                "enabled": false,
                "evaluation_mode": ""
              }
            ],
            "cluster_autoscaling": [
              {
                "auto_provisioning_defaults": [],
                "autoscaling_profile": "BALANCED",
                "enabled": false,
                "resource_limits": []
              }
            ],
            "cluster_ipv4_cidr": "10.4.0.0/14",
            "confidential_nodes": [],
            "cost_management_config": [],
            "database_encryption": [
              {
                "key_name": "",
                "state": "DECRYPTED"
              }
            ],
            "datapath_provider": "",
            "default_max_pods_per_node": 110,
            "default_snat_status": [
              {
                "disabled": false
              }
            ],
            "deletion_protection": true,
            "description": "",
            "dns_config": [],
            "enable_autopilot": false,
            "enable_intranode_visibility": false,
            "enable_k8s_beta_apis": [],
            "enable_kubernetes_alpha": false,
            "enable_l4_ilb_subsetting": false,
            "enable_legacy_abac": false,
            "enable_shielded_nodes": true,
            "enable_tpu": false,
            "endpoint": "34.30.113.13",
            "fleet": [],
            "gateway_api_config": [],
            "id": "projects/csci5409-cloud/locations/us-central1-a/clusters/csci5409-cloud-cluster",
            "identity_service_config": [],
            "initial_node_count": 1,
            "ip_allocation_policy": [
              {
                "additional_pod_ranges_config": [],
                "cluster_ipv4_cidr_block": "10.4.0.0/14",
                "cluster_secondary_range_name": "gke-csci5409-cloud-cluster-pods-56460abd",
                "pod_cidr_overprovision_config": [
                  {
                    "disabled": false
                  }
                ],
                "services_ipv4_cidr_block": "10.8.0.0/20",
                "services_secondary_range_name": "gke-csci5409-cloud-cluster-services-56460abd",
                "stack_type": "IPV4"
              }
            ],
            "label_fingerprint": "a9dc16a7",
            "location": "us-central1-a",
            "logging_config": [
              {
                "enable_components": [
                  "SYSTEM_COMPONENTS",
                  "WORKLOADS"
                ]
              }
            ],
            "logging_service": "logging.googleapis.com/kubernetes",
            "maintenance_policy": [],
            "master_auth": [
              {
                "client_certificate": "",
                "client_certificate_config": [
                  {
                    "issue_client_certificate": false
                  }
                ],
                "client_key": "",
                "cluster_ca_certificate": "LS0tLS1CRUdJTiBDRVJUSUZJQ0FURS0tLS0tCk1JSUVMRENDQXBTZ0F3SUJBZ0lRSGlUVEw4L1BPRVJOYUJDazhCZU5BakFOQmdrcWhraUc5dzBCQVFzRkFEQXYKTVMwd0t3WURWUVFERXlRMU56aG1NVGxqWmkwME9HVXhMVFEzWW1JdE9UUXhNaTB5TUdJeU9XVTFORGN4WldNdwpJQmNOTWpRd016SXhNak16TmpJeldoZ1BNakExTkRBek1UVXdNRE0yTWpOYU1DOHhMVEFyQmdOVkJBTVRKRFUzCk9HWXhPV05tTFRRNFpURXRORGRpWWkwNU5ERXlMVEl3WWpJNVpUVTBOekZsWXpDQ0FhSXdEUVlKS29aSWh2Y04KQVFFQkJRQURnZ0dQQURDQ0FZb0NnZ0dCQU1MaFlNMVJ6dDcvN1pBQ0VmQ3hPUVJwaWE2NFRRUEVHZnB4NnZ3VgpKTWNtMlY2YlRWRkxCYzg5QjZxRHVOZ2puN0EvSzI4Q0RrVmJKdDVBVW1aT3RsMTdBUFM1VFNaZFlhWllXSWpTCmp0UE5tOHF6QXBQN1p3QmpvOXJGWkZBOSsyV3lCTUVaQzJsZGVuaFlmK0FWU28wUlZSK3lOU1dkQ3dFNFNMaGgKNjlQVjU2OGJicHRCbXU3VTNyWHA1SHVob29nWWRwMFNKcUpwa3lTbDJucjJBeG9yYzk5QUlQN3E0MUJDSUZCRApGVEUyODdoMGZNUkZqSjNqMEZ6T0V1K2lUVnY3cHE1UUlvQ2VLdkw5K0c3UXJpMDhYa3M4U0RtdEFGWTRtaHZwCjVZYVhUUVlVTzlLMzZsT21TWG1qQzFNWjJaVk9RN3BzeXZwWmN2bkQ2QUFnZWtFMTNRQldhaURScC9ieVRNVk0Kb21vTExUYXNzamlIOTcvY015dG5ZNlFlSnFOR08rWHNzdDNlL0tQaFMvdmdMbzJ0VHkxMWZWdTNGcTdGbGdDdwpDL3NValRIMkxWaUNBSC9CN01JVVV4KzdCZ1RleFN0cnpkN3IzYWhaakNsbTRNZ0plN2JCdnRLRWRiTEdXekVWCkdyWSsyU1FTWENHSzhWMDhQa1g5RUVENzVRSURBUUFCbzBJd1FEQU9CZ05WSFE4QkFmOEVCQU1DQWdRd0R3WUQKVlIwVEFRSC9CQVV3QXdFQi96QWRCZ05WSFE0RUZnUVVsVm1WcXA1bVE4TlJPeUFzYkNkYTNjRWlqZ2d3RFFZSgpLb1pJaHZjTkFRRUxCUUFEZ2dHQkFEUytmWFpRdHE0TjhndjJBWjR0L1BOckp2NmxzR1VnNFBFazZlbTF5VXAxCldnRWNwRnlaN3Q4ajBNdkptVElUcENoQ0Irb1E4RlF0VjdpOGJTQ3NzVlBWMFJyUzBvUmpSVHZ2MWFEZVdNbFIKWGdPRFd3U3hKUEY5QUNUVmVyaVNxTWs0Ry9mdTdFY3JFUGNicE40dS8vU3AwVDdvR0FRQjBtRlI2SWlVbmpLOApmQlVXK0FPSkNwZDFNMEp6Qld0QkxLaWdHWHB6T2s0VGFQYk0xL3F6R1IyT3FjbGEvVUpleXhYdnRZalFoYm9tCnlCeklycTNEL3ZrWjhUMmY0eUZFLzFHaWhvWXNJUE1UUDljVWJpb09OVENoT0Erc0xUeitPUno5Y1QwT2dNYlIKQ1hEZnBRMm1PRDJwM2FKOThVSG80WDNjRDRyV3ZxSllkbUJmakEzTG12NWRzMnhtNFFnL1FDVXVnZzkwMEFVMgo3T2d3RHJlSlIvZVZjdSs4Y0JnK3phU2E1Zjl4VERBTXZrYjArWUZ6RmxmbklLYXJYR0ptQjZPaWE5UTJWeThOCmtNOVVnb1E2S25aZHFKaE9iYmM5UnEveTF6UUZSWURzTXZFdmFUYTFWdUkvQlJjVDIxbW94VEpnRU5CSzJXd3IKTGZZQTg2MVRyK01aTlhSTG9YLys0UT09Ci0tLS0tRU5EIENFUlRJRklDQVRFLS0tLS0K"
              }
            ],
            "master_authorized_networks_config": [],
            "master_version": "1.27.8-gke.1067004",
            "mesh_certificates": [],
            "min_master_version": null,
            "monitoring_config": [
              {
                "advanced_datapath_observability_config": [
                  {
                    "enable_metrics": false,
                    "enable_relay": false,
                    "relay_mode": "DISABLED"
                  }
                ],
                "enable_components": [
                  "SYSTEM_COMPONENTS"
                ],
                "managed_prometheus": [
                  {
                    "enabled": true
                  }
                ]
              }
            ],
            "monitoring_service": "monitoring.googleapis.com/kubernetes",
            "name": "csci5409-cloud-cluster",
            "network": "projects/csci5409-cloud/global/networks/default",
            "network_policy": [
              {
                "enabled": false,
                "provider": "PROVIDER_UNSPECIFIED"
              }
            ],
            "networking_mode": "VPC_NATIVE",
            "node_config": [
              {
                "advanced_machine_features": [],
                "boot_disk_kms_key": "",
                "confidential_nodes": [],
                "disk_size_gb": 10,
                "disk_type": "pd-standard",
                "effective_taints": [],
                "enable_confidential_storage": false,
                "ephemeral_storage_local_ssd_config": [],
                "fast_socket": [],
                "gcfs_config": [],
                "guest_accelerator": [],
                "gvnic": [],
                "host_maintenance_policy": [],
                "image_type": "COS_CONTAINERD",
                "kubelet_config": [],
                "labels": {},
                "linux_node_config": [],
                "local_nvme_ssd_block_config": [],
                "local_ssd_count": 0,
                "logging_variant": "DEFAULT",
                "machine_type": "e2-micro",
                "metadata": {
                  "disable-legacy-endpoints": "true"
                },
                "min_cpu_platform": "",
                "node_group": "",
                "oauth_scopes": [
                  "https://www.googleapis.com/auth/devstorage.read_only",
                  "https://www.googleapis.com/auth/logging.write",
                  "https://www.googleapis.com/auth/monitoring",
                  "https://www.googleapis.com/auth/service.management.readonly",
                  "https://www.googleapis.com/auth/servicecontrol",
                  "https://www.googleapis.com/auth/trace.append"
                ],
                "preemptible": false,
                "reservation_affinity": [],
                "resource_labels": null,
                "resource_manager_tags": null,
                "service_account": "default",
                "shielded_instance_config": [
                  {
                    "enable_integrity_monitoring": true,
                    "enable_secure_boot": false
                  }
                ],
                "sole_tenant_config": [],
                "spot": false,
                "tags": null,
                "taint": [],
                "workload_metadata_config": []
              }
            ],
            "node_locations": [],
            "node_pool": [
              {
                "autoscaling": [],
                "initial_node_count": 1,
                "instance_group_urls": [
                  "https://www.googleapis.com/compute/v1/projects/csci5409-cloud/zones/us-central1-a/instanceGroupManagers/gke-csci5409-cloud-clust-default-pool-faeb86d6-grp"
                ],
                "managed_instance_group_urls": [
                  "https://www.googleapis.com/compute/v1/projects/csci5409-cloud/zones/us-central1-a/instanceGroups/gke-csci5409-cloud-clust-default-pool-faeb86d6-grp"
                ],
                "management": [
                  {
                    "auto_repair": true,
                    "auto_upgrade": true
                  }
                ],
                "max_pods_per_node": 110,
                "name": "default-pool",
                "name_prefix": "",
                "network_config": [
                  {
                    "create_pod_range": false,
                    "enable_private_nodes": false,
                    "network_performance_config": [],
                    "pod_cidr_overprovision_config": [],
                    "pod_ipv4_cidr_block": "10.4.0.0/14",
                    "pod_range": "gke-csci5409-cloud-cluster-pods-56460abd"
                  }
                ],
                "node_config": [
                  {
                    "advanced_machine_features": [],
                    "boot_disk_kms_key": "",
                    "confidential_nodes": [],
                    "disk_size_gb": 10,
                    "disk_type": "pd-standard",
                    "effective_taints": [],
                    "enable_confidential_storage": false,
                    "ephemeral_storage_local_ssd_config": [],
                    "fast_socket": [],
                    "gcfs_config": [],
                    "guest_accelerator": [],
                    "gvnic": [],
                    "host_maintenance_policy": [],
                    "image_type": "COS_CONTAINERD",
                    "kubelet_config": [],
                    "labels": {},
                    "linux_node_config": [],
                    "local_nvme_ssd_block_config": [],
                    "local_ssd_count": 0,
                    "logging_variant": "DEFAULT",
                    "machine_type": "e2-micro",
                    "metadata": {
                      "disable-legacy-endpoints": "true"
                    },
                    "min_cpu_platform": "",
                    "node_group": "",
                    "oauth_scopes": [
                      "https://www.googleapis.com/auth/devstorage.read_only",
                      "https://www.googleapis.com/auth/logging.write",
                      "https://www.googleapis.com/auth/monitoring",
                      "https://www.googleapis.com/auth/service.management.readonly",
                      "https://www.googleapis.com/auth/servicecontrol",
                      "https://www.googleapis.com/auth/trace.append"
                    ],
                    "preemptible": false,
                    "reservation_affinity": [],
                    "resource_labels": {},
                    "resource_manager_tags": {},
                    "service_account": "default",
                    "shielded_instance_config": [
                      {
                        "enable_integrity_monitoring": true,
                        "enable_secure_boot": false
                      }
                    ],
                    "sole_tenant_config": [],
                    "spot": false,
                    "tags": [],
                    "taint": [],
                    "workload_metadata_config": []
                  }
                ],
                "node_count": 1,
                "node_locations": [
                  "us-central1-a"
                ],
                "placement_policy": [],
                "queued_provisioning": [],
                "upgrade_settings": [
                  {
                    "blue_green_settings": [],
                    "max_surge": 1,
                    "max_unavailable": 0,
                    "strategy": "SURGE"
                  }
                ],
                "version": "1.27.8-gke.1067004"
              }
            ],
            "node_pool_auto_config": [],
            "node_pool_defaults": [
              {
                "node_config_defaults": [
                  {
                    "logging_variant": "DEFAULT"
                  }
                ]
              }
            ],
            "node_version": "1.27.8-gke.1067004",
            "notification_config": [
              {
                "pubsub": [
                  {
                    "enabled": false,
                    "filter": [],
                    "topic": ""
                  }
                ]
              }
            ],
            "operation": null,
            "private_cluster_config": [
              {
                "enable_private_endpoint": false,
                "enable_private_nodes": false,
                "master_global_access_config": [
                  {
                    "enabled": false
                  }
                ],
                "master_ipv4_cidr_block": "",
                "peering_name": "",
                "private_endpoint": "10.128.0.2",
                "private_endpoint_subnetwork": "",
                "public_endpoint": "34.30.113.13"
              }
            ],
            "private_ipv6_google_access": "",
            "project": "csci5409-cloud",
            "release_channel": [
              {
                "channel": "REGULAR"
              }
            ],
            "remove_default_node_pool": null,
            "resource_labels": null,
            "resource_usage_export_config": [],
            "security_posture_config": [
              {
                "mode": "BASIC",
                "vulnerability_mode": "VULNERABILITY_MODE_UNSPECIFIED"
              }
            ],
            "self_link": "https://container.googleapis.com/v1/projects/csci5409-cloud/zones/us-central1-a/clusters/csci5409-cloud-cluster",
            "service_external_ips_config": [
              {
                "enabled": false
              }
            ],
            "services_ipv4_cidr": "10.8.0.0/20",
            "subnetwork": "projects/csci5409-cloud/regions/us-central1/subnetworks/default",
            "timeouts": null,
            "tpu_ipv4_cidr_block": "",
            "vertical_pod_autoscaling": [],
            "workload_identity_config": []
          },
          "sensitive_attributes": [],
          "private": "eyJlMmJmYjczMC1lY2FhLTExZTYtOGY4OC0zNDM2M2JjN2M0YzAiOnsiY3JlYXRlIjoyNDAwMDAwMDAwMDAwLCJkZWxldGUiOjI0MDAwMDAwMDAwMDAsInJlYWQiOjI0MDAwMDAwMDAwMDAsInVwZGF0ZSI6MzYwMDAwMDAwMDAwMH0sInNjaGVtYV92ZXJzaW9uIjoiMiJ9"
        }
      ]
    }
  ],
  "check_results": null
}
